// !$*UTF8*$!
{
	archiveVersion = 1;
	classes = {
	};
	objectVersion = 77;
	objects = {

/* Begin PBXBuildFile section */
		F66D23732EA35B7200DB549E /* Pretendard-Black.otf in Resources */ = {isa = PBXBuildFile; fileRef = F66D235C2EA35B7200DB549E /* Pretendard-Black.otf */; };
		F66D23742EA35B7200DB549E /* Pretendard-Bold.otf in Resources */ = {isa = PBXBuildFile; fileRef = F66D235D2EA35B7200DB549E /* Pretendard-Bold.otf */; };
		F66D23752EA35B7200DB549E /* Pretendard-ExtraBold.otf in Resources */ = {isa = PBXBuildFile; fileRef = F66D235E2EA35B7200DB549E /* Pretendard-ExtraBold.otf */; };
		F66D23762EA35B7200DB549E /* Pretendard-ExtraLight.otf in Resources */ = {isa = PBXBuildFile; fileRef = F66D235F2EA35B7200DB549E /* Pretendard-ExtraLight.otf */; };
		F66D23772EA35B7200DB549E /* Pretendard-Light.otf in Resources */ = {isa = PBXBuildFile; fileRef = F66D23602EA35B7200DB549E /* Pretendard-Light.otf */; };
		F66D23782EA35B7200DB549E /* Pretendard-Medium.otf in Resources */ = {isa = PBXBuildFile; fileRef = F66D23612EA35B7200DB549E /* Pretendard-Medium.otf */; };
		F66D23792EA35B7200DB549E /* Pretendard-Regular.otf in Resources */ = {isa = PBXBuildFile; fileRef = F66D23622EA35B7200DB549E /* Pretendard-Regular.otf */; };
		F66D237A2EA35B7200DB549E /* Pretendard-SemiBold.otf in Resources */ = {isa = PBXBuildFile; fileRef = F66D23632EA35B7200DB549E /* Pretendard-SemiBold.otf */; };
		F66D237B2EA35B7200DB549E /* Pretendard-Thin.otf in Resources */ = {isa = PBXBuildFile; fileRef = F66D23642EA35B7200DB549E /* Pretendard-Thin.otf */; };
		F66D237C2EA35B7200DB549E /* Assets.xcassets in Resources */ = {isa = PBXBuildFile; fileRef = F66D23662EA35B7200DB549E /* Assets.xcassets */; };
		F66D237E2EA35B7200DB549E /* LaunchScreen.storyboard in Resources */ = {isa = PBXBuildFile; fileRef = F66D236F2EA35B7200DB549E /* LaunchScreen.storyboard */; };
		F66D237F2EA35B7200DB549E /* UIFont+.swift in Sources */ = {isa = PBXBuildFile; fileRef = F66D23582EA35B7200DB549E /* UIFont+.swift */; };
		F66D23802EA35B7200DB549E /* UITextField+.swift in Sources */ = {isa = PBXBuildFile; fileRef = F66D23592EA35B7200DB549E /* UITextField+.swift */; };
		F66D23812EA35B7200DB549E /* UIView+.swift in Sources */ = {isa = PBXBuildFile; fileRef = F66D235A2EA35B7200DB549E /* UIView+.swift */; };
		F66D23822EA35B7200DB549E /* DangGeunLoginViewController.swift in Sources */ = {isa = PBXBuildFile; fileRef = F66D23682EA35B7200DB549E /* DangGeunLoginViewController.swift */; };
		F66D23832EA35B7200DB549E /* DangGeunWelcomeViewController.swift in Sources */ = {isa = PBXBuildFile; fileRef = F66D23692EA35B7200DB549E /* DangGeunWelcomeViewController.swift */; };
		F66D23842EA35B7200DB549E /* LoginViewController.swift in Sources */ = {isa = PBXBuildFile; fileRef = F66D236A2EA35B7200DB549E /* LoginViewController.swift */; };
		F66D23852EA35B7200DB549E /* AppDelegate.swift in Sources */ = {isa = PBXBuildFile; fileRef = F66D236C2EA35B7200DB549E /* AppDelegate.swift */; };
		F66D23862EA35B7200DB549E /* SceneDelegate.swift in Sources */ = {isa = PBXBuildFile; fileRef = F66D23702EA35B7200DB549E /* SceneDelegate.swift */; };
		F66D23872EA35B7200DB549E /* ViewController.swift in Sources */ = {isa = PBXBuildFile; fileRef = F66D23712EA35B7200DB549E /* ViewController.swift */; };
		F66D238B2EA35E0E00DB549E /* DangGeunLoginViewController_Delegate.swift in Sources */ = {isa = PBXBuildFile; fileRef = F66D23892EA35E0E00DB549E /* DangGeunLoginViewController_Delegate.swift */; };
		F66D238C2EA35E0E00DB549E /* DangGeunWelcomeViewController_Delegate.swift in Sources */ = {isa = PBXBuildFile; fileRef = F66D238A2EA35E0E00DB549E /* DangGeunWelcomeViewController_Delegate.swift */; };
		F66D238F2EA3637C00DB549E /* Then in Frameworks */ = {isa = PBXBuildFile; productRef = F66D238E2EA3637C00DB549E /* Then */; };
		F66D23942EA36AB600DB549E /* DangGeunLoginViewController_Closure.swift in Sources */ = {isa = PBXBuildFile; fileRef = F66D23922EA36AB600DB549E /* DangGeunLoginViewController_Closure.swift */; };
		F66D23952EA36AB600DB549E /* DangGeunWelcomeViewController_Closure.swift in Sources */ = {isa = PBXBuildFile; fileRef = F66D23932EA36AB600DB549E /* DangGeunWelcomeViewController_Closure.swift */; };
		F66D23982EA379DB00DB549E /* SnapKit in Frameworks */ = {isa = PBXBuildFile; productRef = F66D23972EA379DB00DB549E /* SnapKit */; };
		F66D239A2EA38A6300DB549E /* ScrollViewController.swift in Sources */ = {isa = PBXBuildFile; fileRef = F66D23992EA38A5C00DB549E /* ScrollViewController.swift */; };
/* End PBXBuildFile section */

/* Begin PBXFileReference section */
		F66D23582EA35B7200DB549E /* UIFont+.swift */ = {isa = PBXFileReference; lastKnownFileType = sourcecode.swift; path = "UIFont+.swift"; sourceTree = "<group>"; };
		F66D23592EA35B7200DB549E /* UITextField+.swift */ = {isa = PBXFileReference; lastKnownFileType = sourcecode.swift; path = "UITextField+.swift"; sourceTree = "<group>"; };
		F66D235A2EA35B7200DB549E /* UIView+.swift */ = {isa = PBXFileReference; lastKnownFileType = sourcecode.swift; path = "UIView+.swift"; sourceTree = "<group>"; };
		F66D235C2EA35B7200DB549E /* Pretendard-Black.otf */ = {isa = PBXFileReference; lastKnownFileType = file; path = "Pretendard-Black.otf"; sourceTree = "<group>"; };
		F66D235D2EA35B7200DB549E /* Pretendard-Bold.otf */ = {isa = PBXFileReference; lastKnownFileType = file; path = "Pretendard-Bold.otf"; sourceTree = "<group>"; };
		F66D235E2EA35B7200DB549E /* Pretendard-ExtraBold.otf */ = {isa = PBXFileReference; lastKnownFileType = file; path = "Pretendard-ExtraBold.otf"; sourceTree = "<group>"; };
		F66D235F2EA35B7200DB549E /* Pretendard-ExtraLight.otf */ = {isa = PBXFileReference; lastKnownFileType = file; path = "Pretendard-ExtraLight.otf"; sourceTree = "<group>"; };
		F66D23602EA35B7200DB549E /* Pretendard-Light.otf */ = {isa = PBXFileReference; lastKnownFileType = file; path = "Pretendard-Light.otf"; sourceTree = "<group>"; };
		F66D23612EA35B7200DB549E /* Pretendard-Medium.otf */ = {isa = PBXFileReference; lastKnownFileType = file; path = "Pretendard-Medium.otf"; sourceTree = "<group>"; };
		F66D23622EA35B7200DB549E /* Pretendard-Regular.otf */ = {isa = PBXFileReference; lastKnownFileType = file; path = "Pretendard-Regular.otf"; sourceTree = "<group>"; };
		F66D23632EA35B7200DB549E /* Pretendard-SemiBold.otf */ = {isa = PBXFileReference; lastKnownFileType = file; path = "Pretendard-SemiBold.otf"; sourceTree = "<group>"; };
		F66D23642EA35B7200DB549E /* Pretendard-Thin.otf */ = {isa = PBXFileReference; lastKnownFileType = file; path = "Pretendard-Thin.otf"; sourceTree = "<group>"; };
		F66D23662EA35B7200DB549E /* Assets.xcassets */ = {isa = PBXFileReference; lastKnownFileType = folder.assetcatalog; path = Assets.xcassets; sourceTree = "<group>"; };
		F66D23682EA35B7200DB549E /* DangGeunLoginViewController.swift */ = {isa = PBXFileReference; lastKnownFileType = sourcecode.swift; path = DangGeunLoginViewController.swift; sourceTree = "<group>"; };
		F66D23692EA35B7200DB549E /* DangGeunWelcomeViewController.swift */ = {isa = PBXFileReference; lastKnownFileType = sourcecode.swift; path = DangGeunWelcomeViewController.swift; sourceTree = "<group>"; };
		F66D236A2EA35B7200DB549E /* LoginViewController.swift */ = {isa = PBXFileReference; lastKnownFileType = sourcecode.swift; path = LoginViewController.swift; sourceTree = "<group>"; };
		F66D236C2EA35B7200DB549E /* AppDelegate.swift */ = {isa = PBXFileReference; lastKnownFileType = sourcecode.swift; path = AppDelegate.swift; sourceTree = "<group>"; };
		F66D236D2EA35B7200DB549E /* Info.plist */ = {isa = PBXFileReference; lastKnownFileType = text.plist.xml; path = Info.plist; sourceTree = "<group>"; };
		F66D236E2EA35B7200DB549E /* Base */ = {isa = PBXFileReference; lastKnownFileType = file.storyboard; name = Base; path = Base.lproj/LaunchScreen.storyboard; sourceTree = "<group>"; };
		F66D23702EA35B7200DB549E /* SceneDelegate.swift */ = {isa = PBXFileReference; lastKnownFileType = sourcecode.swift; path = SceneDelegate.swift; sourceTree = "<group>"; };
		F66D23712EA35B7200DB549E /* ViewController.swift */ = {isa = PBXFileReference; lastKnownFileType = sourcecode.swift; path = ViewController.swift; sourceTree = "<group>"; };
		F66D23892EA35E0E00DB549E /* DangGeunLoginViewController_Delegate.swift */ = {isa = PBXFileReference; lastKnownFileType = sourcecode.swift; path = DangGeunLoginViewController_Delegate.swift; sourceTree = "<group>"; };
		F66D238A2EA35E0E00DB549E /* DangGeunWelcomeViewController_Delegate.swift */ = {isa = PBXFileReference; lastKnownFileType = sourcecode.swift; path = DangGeunWelcomeViewController_Delegate.swift; sourceTree = "<group>"; };
		F66D23922EA36AB600DB549E /* DangGeunLoginViewController_Closure.swift */ = {isa = PBXFileReference; lastKnownFileType = sourcecode.swift; path = DangGeunLoginViewController_Closure.swift; sourceTree = "<group>"; };
		F66D23932EA36AB600DB549E /* DangGeunWelcomeViewController_Closure.swift */ = {isa = PBXFileReference; lastKnownFileType = sourcecode.swift; path = DangGeunWelcomeViewController_Closure.swift; sourceTree = "<group>"; };
		F66D23992EA38A5C00DB549E /* ScrollViewController.swift */ = {isa = PBXFileReference; lastKnownFileType = sourcecode.swift; path = ScrollViewController.swift; sourceTree = "<group>"; };
		F66DCF792E9A231300D82D30 /* AhnChiWook_practice.app */ = {isa = PBXFileReference; explicitFileType = wrapper.application; includeInIndex = 0; path = AhnChiWook_practice.app; sourceTree = BUILT_PRODUCTS_DIR; };
/* End PBXFileReference section */

/* Begin PBXFrameworksBuildPhase section */
		F66DCF762E9A231300D82D30 /* Frameworks */ = {
			isa = PBXFrameworksBuildPhase;
			buildActionMask = 2147483647;
			files = (
				F66D238F2EA3637C00DB549E /* Then in Frameworks */,
				F66D23982EA379DB00DB549E /* SnapKit in Frameworks */,
			);
			runOnlyForDeploymentPostprocessing = 0;
		};
/* End PBXFrameworksBuildPhase section */

/* Begin PBXGroup section */
		F66D235B2EA35B7200DB549E /* Extensions */ = {
			isa = PBXGroup;
			children = (
				F66D23582EA35B7200DB549E /* UIFont+.swift */,
				F66D23592EA35B7200DB549E /* UITextField+.swift */,
				F66D235A2EA35B7200DB549E /* UIView+.swift */,
			);
			path = Extensions;
			sourceTree = "<group>";
		};
		F66D23652EA35B7200DB549E /* Fonts */ = {
			isa = PBXGroup;
			children = (
				F66D235C2EA35B7200DB549E /* Pretendard-Black.otf */,
				F66D235D2EA35B7200DB549E /* Pretendard-Bold.otf */,
				F66D235E2EA35B7200DB549E /* Pretendard-ExtraBold.otf */,
				F66D235F2EA35B7200DB549E /* Pretendard-ExtraLight.otf */,
				F66D23602EA35B7200DB549E /* Pretendard-Light.otf */,
				F66D23612EA35B7200DB549E /* Pretendard-Medium.otf */,
				F66D23622EA35B7200DB549E /* Pretendard-Regular.otf */,
				F66D23632EA35B7200DB549E /* Pretendard-SemiBold.otf */,
				F66D23642EA35B7200DB549E /* Pretendard-Thin.otf */,
			);
			path = Fonts;
			sourceTree = "<group>";
		};
		F66D23672EA35B7200DB549E /* Global */ = {
			isa = PBXGroup;
			children = (
				F66D235B2EA35B7200DB549E /* Extensions */,
				F66D23652EA35B7200DB549E /* Fonts */,
				F66D23662EA35B7200DB549E /* Assets.xcassets */,
			);
			path = Global;
			sourceTree = "<group>";
		};
		F66D236B2EA35B7200DB549E /* Week1 */ = {
			isa = PBXGroup;
			children = (
				F66D23682EA35B7200DB549E /* DangGeunLoginViewController.swift */,
				F66D23692EA35B7200DB549E /* DangGeunWelcomeViewController.swift */,
				F66D236A2EA35B7200DB549E /* LoginViewController.swift */,
			);
			path = Week1;
			sourceTree = "<group>";
		};
		F66D23722EA35B7200DB549E /* AhnChiWook_practice */ = {
			isa = PBXGroup;
			children = (
				F66D23672EA35B7200DB549E /* Global */,
				F66D236B2EA35B7200DB549E /* Week1 */,
				F66D23882EA35B7700DB549E /* Week2 */,
				F66D236C2EA35B7200DB549E /* AppDelegate.swift */,
				F66D236D2EA35B7200DB549E /* Info.plist */,
				F66D236F2EA35B7200DB549E /* LaunchScreen.storyboard */,
				F66D23702EA35B7200DB549E /* SceneDelegate.swift */,
				F66D23712EA35B7200DB549E /* ViewController.swift */,
			);
			path = AhnChiWook_practice;
			sourceTree = "<group>";
		};
		F66D23882EA35B7700DB549E /* Week2 */ = {
			isa = PBXGroup;
			children = (
				F66D23992EA38A5C00DB549E /* ScrollViewController.swift */,
				F66D23912EA36AAE00DB549E /* Closure */,
				F66D23902EA36AA200DB549E /* Delegate */,
			);
			path = Week2;
			sourceTree = "<group>";
		};
		F66D23902EA36AA200DB549E /* Delegate */ = {
			isa = PBXGroup;
			children = (
				F66D23892EA35E0E00DB549E /* DangGeunLoginViewController_Delegate.swift */,
				F66D238A2EA35E0E00DB549E /* DangGeunWelcomeViewController_Delegate.swift */,
			);
			path = Delegate;
			sourceTree = "<group>";
		};
		F66D23912EA36AAE00DB549E /* Closure */ = {
			isa = PBXGroup;
			children = (
				F66D23922EA36AB600DB549E /* DangGeunLoginViewController_Closure.swift */,
				F66D23932EA36AB600DB549E /* DangGeunWelcomeViewController_Closure.swift */,
			);
			path = Closure;
			sourceTree = "<group>";
		};
		F66DCF702E9A231300D82D30 = {
			isa = PBXGroup;
			children = (
				F66D23722EA35B7200DB549E /* AhnChiWook_practice */,
				F66DCF7A2E9A231300D82D30 /* Products */,
			);
			sourceTree = "<group>";
		};
		F66DCF7A2E9A231300D82D30 /* Products */ = {
			isa = PBXGroup;
			children = (
				F66DCF792E9A231300D82D30 /* AhnChiWook_practice.app */,
			);
			name = Products;
			sourceTree = "<group>";
		};
/* End PBXGroup section */

/* Begin PBXNativeTarget section */
		F66DCF782E9A231300D82D30 /* AhnChiWook_practice */ = {
			isa = PBXNativeTarget;
			buildConfigurationList = F66DCF8C2E9A231500D82D30 /* Build configuration list for PBXNativeTarget "AhnChiWook_practice" */;
			buildPhases = (
				F66DCF752E9A231300D82D30 /* Sources */,
				F66DCF762E9A231300D82D30 /* Frameworks */,
				F66DCF772E9A231300D82D30 /* Resources */,
			);
			buildRules = (
			);
			dependencies = (
			);
			name = AhnChiWook_practice;
			packageProductDependencies = (
				F66D238E2EA3637C00DB549E /* Then */,
				F66D23972EA379DB00DB549E /* SnapKit */,
			);
			productName = AhnChiWook_practice;
			productReference = F66DCF792E9A231300D82D30 /* AhnChiWook_practice.app */;
			productType = "com.apple.product-type.application";
		};
/* End PBXNativeTarget section */

/* Begin PBXProject section */
		F66DCF712E9A231300D82D30 /* Project object */ = {
			isa = PBXProject;
			attributes = {
				BuildIndependentTargetsInParallel = 1;
				LastSwiftUpdateCheck = 2600;
				LastUpgradeCheck = 2600;
				TargetAttributes = {
					F66DCF782E9A231300D82D30 = {
						CreatedOnToolsVersion = 26.0;
					};
				};
			};
			buildConfigurationList = F66DCF742E9A231300D82D30 /* Build configuration list for PBXProject "AhnChiWook_practice" */;
			developmentRegion = en;
			hasScannedForEncodings = 0;
			knownRegions = (
				en,
				Base,
			);
			mainGroup = F66DCF702E9A231300D82D30;
			minimizedProjectReferenceProxies = 1;
			packageReferences = (
				F66D238D2EA3637C00DB549E /* XCRemoteSwiftPackageReference "Then" */,
				F66D23962EA379DB00DB549E /* XCRemoteSwiftPackageReference "SnapKit" */,
			);
			preferredProjectObjectVersion = 77;
			productRefGroup = F66DCF7A2E9A231300D82D30 /* Products */;
			projectDirPath = "";
			projectRoot = "";
			targets = (
				F66DCF782E9A231300D82D30 /* AhnChiWook_practice */,
			);
		};
/* End PBXProject section */

/* Begin PBXResourcesBuildPhase section */
		F66DCF772E9A231300D82D30 /* Resources */ = {
			isa = PBXResourcesBuildPhase;
			buildActionMask = 2147483647;
			files = (
				F66D23732EA35B7200DB549E /* Pretendard-Black.otf in Resources */,
				F66D23742EA35B7200DB549E /* Pretendard-Bold.otf in Resources */,
				F66D23752EA35B7200DB549E /* Pretendard-ExtraBold.otf in Resources */,
				F66D23762EA35B7200DB549E /* Pretendard-ExtraLight.otf in Resources */,
				F66D23772EA35B7200DB549E /* Pretendard-Light.otf in Resources */,
				F66D23782EA35B7200DB549E /* Pretendard-Medium.otf in Resources */,
				F66D23792EA35B7200DB549E /* Pretendard-Regular.otf in Resources */,
				F66D237A2EA35B7200DB549E /* Pretendard-SemiBold.otf in Resources */,
				F66D237B2EA35B7200DB549E /* Pretendard-Thin.otf in Resources */,
				F66D237C2EA35B7200DB549E /* Assets.xcassets in Resources */,
				F66D237E2EA35B7200DB549E /* LaunchScreen.storyboard in Resources */,
			);
			runOnlyForDeploymentPostprocessing = 0;
		};
/* End PBXResourcesBuildPhase section */

/* Begin PBXSourcesBuildPhase section */
		F66DCF752E9A231300D82D30 /* Sources */ = {
			isa = PBXSourcesBuildPhase;
			buildActionMask = 2147483647;
			files = (
				F66D237F2EA35B7200DB549E /* UIFont+.swift in Sources */,
				F66D23802EA35B7200DB549E /* UITextField+.swift in Sources */,
				F66D23812EA35B7200DB549E /* UIView+.swift in Sources */,
				F66D239A2EA38A6300DB549E /* ScrollViewController.swift in Sources */,
				F66D23822EA35B7200DB549E /* DangGeunLoginViewController.swift in Sources */,
				F66D23832EA35B7200DB549E /* DangGeunWelcomeViewController.swift in Sources */,
				F66D23842EA35B7200DB549E /* LoginViewController.swift in Sources */,
				F66D23852EA35B7200DB549E /* AppDelegate.swift in Sources */,
				F66D23862EA35B7200DB549E /* SceneDelegate.swift in Sources */,
				F66D23872EA35B7200DB549E /* ViewController.swift in Sources */,
				F66D23942EA36AB600DB549E /* DangGeunLoginViewController_Closure.swift in Sources */,
				F66D23952EA36AB600DB549E /* DangGeunWelcomeViewController_Closure.swift in Sources */,
				F66D238B2EA35E0E00DB549E /* DangGeunLoginViewController_Delegate.swift in Sources */,
				F66D238C2EA35E0E00DB549E /* DangGeunWelcomeViewController_Delegate.swift in Sources */,
			);
			runOnlyForDeploymentPostprocessing = 0;
		};
/* End PBXSourcesBuildPhase section */

/* Begin PBXVariantGroup section */
		F66D236F2EA35B7200DB549E /* LaunchScreen.storyboard */ = {
			isa = PBXVariantGroup;
			children = (
				F66D236E2EA35B7200DB549E /* Base */,
			);
			name = LaunchScreen.storyboard;
			sourceTree = "<group>";
		};
/* End PBXVariantGroup section */

/* Begin XCBuildConfiguration section */
		F66DCF8D2E9A231500D82D30 /* Debug */ = {
			isa = XCBuildConfiguration;
			buildSettings = {
				ASSETCATALOG_COMPILER_APPICON_NAME = AppIcon;
				ASSETCATALOG_COMPILER_GLOBAL_ACCENT_COLOR_NAME = AccentColor;
				CODE_SIGN_STYLE = Automatic;
				CURRENT_PROJECT_VERSION = 1;
				GENERATE_INFOPLIST_FILE = YES;
				INFOPLIST_FILE = AhnChiWook_practice/Info.plist;
				INFOPLIST_KEY_UIApplicationSupportsIndirectInputEvents = YES;
				INFOPLIST_KEY_UILaunchStoryboardName = LaunchScreen;
				INFOPLIST_KEY_UISupportedInterfaceOrientations_iPad = "UIInterfaceOrientationPortrait UIInterfaceOrientationPortraitUpsideDown UIInterfaceOrientationLandscapeLeft UIInterfaceOrientationLandscapeRight";
				INFOPLIST_KEY_UISupportedInterfaceOrientations_iPhone = "UIInterfaceOrientationPortrait UIInterfaceOrientationLandscapeLeft UIInterfaceOrientationLandscapeRight";
				LD_RUNPATH_SEARCH_PATHS = (
					"$(inherited)",
					"@executable_path/Frameworks",
				);
				MARKETING_VERSION = 1.0;
				PRODUCT_BUNDLE_IDENTIFIER = "com.koowihc.AhnChiWook-practice";
				PRODUCT_NAME = "$(TARGET_NAME)";
				STRING_CATALOG_GENERATE_SYMBOLS = YES;
				SWIFT_APPROACHABLE_CONCURRENCY = YES;
				SWIFT_DEFAULT_ACTOR_ISOLATION = MainActor;
				SWIFT_EMIT_LOC_STRINGS = YES;
				SWIFT_UPCOMING_FEATURE_MEMBER_IMPORT_VISIBILITY = YES;
				SWIFT_VERSION = 5.0;
				TARGETED_DEVICE_FAMILY = "1,2";
			};
			name = Debug;
		};
		F66DCF8E2E9A231500D82D30 /* Release */ = {
			isa = XCBuildConfiguration;
			buildSettings = {
				ASSETCATALOG_COMPILER_APPICON_NAME = AppIcon;
				ASSETCATALOG_COMPILER_GLOBAL_ACCENT_COLOR_NAME = AccentColor;
				CODE_SIGN_STYLE = Automatic;
				CURRENT_PROJECT_VERSION = 1;
				GENERATE_INFOPLIST_FILE = YES;
				INFOPLIST_FILE = AhnChiWook_practice/Info.plist;
				INFOPLIST_KEY_UIApplicationSupportsIndirectInputEvents = YES;
				INFOPLIST_KEY_UILaunchStoryboardName = LaunchScreen;
				INFOPLIST_KEY_UISupportedInterfaceOrientations_iPad = "UIInterfaceOrientationPortrait UIInterfaceOrientationPortraitUpsideDown UIInterfaceOrientationLandscapeLeft UIInterfaceOrientationLandscapeRight";
				INFOPLIST_KEY_UISupportedInterfaceOrientations_iPhone = "UIInterfaceOrientationPortrait UIInterfaceOrientationLandscapeLeft UIInterfaceOrientationLandscapeRight";
				LD_RUNPATH_SEARCH_PATHS = (
					"$(inherited)",
					"@executable_path/Frameworks",
				);
				MARKETING_VERSION = 1.0;
				PRODUCT_BUNDLE_IDENTIFIER = "com.koowihc.AhnChiWook-practice";
				PRODUCT_NAME = "$(TARGET_NAME)";
				STRING_CATALOG_GENERATE_SYMBOLS = YES;
				SWIFT_APPROACHABLE_CONCURRENCY = YES;
				SWIFT_DEFAULT_ACTOR_ISOLATION = MainActor;
				SWIFT_EMIT_LOC_STRINGS = YES;
				SWIFT_UPCOMING_FEATURE_MEMBER_IMPORT_VISIBILITY = YES;
				SWIFT_VERSION = 5.0;
				TARGETED_DEVICE_FAMILY = "1,2";
			};
			name = Release;
		};
		F66DCF8F2E9A231500D82D30 /* Debug */ = {
			isa = XCBuildConfiguration;
			buildSettings = {
				ALWAYS_SEARCH_USER_PATHS = NO;
				ASSETCATALOG_COMPILER_GENERATE_SWIFT_ASSET_SYMBOL_EXTENSIONS = YES;
				CLANG_ANALYZER_NONNULL = YES;
				CLANG_ANALYZER_NUMBER_OBJECT_CONVERSION = YES_AGGRESSIVE;
				CLANG_CXX_LANGUAGE_STANDARD = "gnu++20";
				CLANG_ENABLE_MODULES = YES;
				CLANG_ENABLE_OBJC_ARC = YES;
				CLANG_ENABLE_OBJC_WEAK = YES;
				CLANG_WARN_BLOCK_CAPTURE_AUTORELEASING = YES;
				CLANG_WARN_BOOL_CONVERSION = YES;
				CLANG_WARN_COMMA = YES;
				CLANG_WARN_CONSTANT_CONVERSION = YES;
				CLANG_WARN_DEPRECATED_OBJC_IMPLEMENTATIONS = YES;
				CLANG_WARN_DIRECT_OBJC_ISA_USAGE = YES_ERROR;
				CLANG_WARN_DOCUMENTATION_COMMENTS = YES;
				CLANG_WARN_EMPTY_BODY = YES;
				CLANG_WARN_ENUM_CONVERSION = YES;
				CLANG_WARN_INFINITE_RECURSION = YES;
				CLANG_WARN_INT_CONVERSION = YES;
				CLANG_WARN_NON_LITERAL_NULL_CONVERSION = YES;
				CLANG_WARN_OBJC_IMPLICIT_RETAIN_SELF = YES;
				CLANG_WARN_OBJC_LITERAL_CONVERSION = YES;
				CLANG_WARN_OBJC_ROOT_CLASS = YES_ERROR;
				CLANG_WARN_QUOTED_INCLUDE_IN_FRAMEWORK_HEADER = YES;
				CLANG_WARN_RANGE_LOOP_ANALYSIS = YES;
				CLANG_WARN_STRICT_PROTOTYPES = YES;
				CLANG_WARN_SUSPICIOUS_MOVE = YES;
				CLANG_WARN_UNGUARDED_AVAILABILITY = YES_AGGRESSIVE;
				CLANG_WARN_UNREACHABLE_CODE = YES;
				CLANG_WARN__DUPLICATE_METHOD_MATCH = YES;
				COPY_PHASE_STRIP = NO;
				DEBUG_INFORMATION_FORMAT = dwarf;
				ENABLE_STRICT_OBJC_MSGSEND = YES;
				ENABLE_TESTABILITY = YES;
				ENABLE_USER_SCRIPT_SANDBOXING = YES;
				GCC_C_LANGUAGE_STANDARD = gnu17;
				GCC_DYNAMIC_NO_PIC = NO;
				GCC_NO_COMMON_BLOCKS = YES;
				GCC_OPTIMIZATION_LEVEL = 0;
				GCC_PREPROCESSOR_DEFINITIONS = (
					"DEBUG=1",
					"$(inherited)",
				);
				GCC_WARN_64_TO_32_BIT_CONVERSION = YES;
				GCC_WARN_ABOUT_RETURN_TYPE = YES_ERROR;
				GCC_WARN_UNDECLARED_SELECTOR = YES;
				GCC_WARN_UNINITIALIZED_AUTOS = YES_AGGRESSIVE;
				GCC_WARN_UNUSED_FUNCTION = YES;
				GCC_WARN_UNUSED_VARIABLE = YES;
				IPHONEOS_DEPLOYMENT_TARGET = 26.0;
				LOCALIZATION_PREFERS_STRING_CATALOGS = YES;
				MTL_ENABLE_DEBUG_INFO = INCLUDE_SOURCE;
				MTL_FAST_MATH = YES;
				ONLY_ACTIVE_ARCH = YES;
				SDKROOT = iphoneos;
				SWIFT_ACTIVE_COMPILATION_CONDITIONS = "DEBUG $(inherited)";
				SWIFT_OPTIMIZATION_LEVEL = "-Onone";
			};
			name = Debug;
		};
		F66DCF902E9A231500D82D30 /* Release */ = {
			isa = XCBuildConfiguration;
			buildSettings = {
				ALWAYS_SEARCH_USER_PATHS = NO;
				ASSETCATALOG_COMPILER_GENERATE_SWIFT_ASSET_SYMBOL_EXTENSIONS = YES;
				CLANG_ANALYZER_NONNULL = YES;
				CLANG_ANALYZER_NUMBER_OBJECT_CONVERSION = YES_AGGRESSIVE;
				CLANG_CXX_LANGUAGE_STANDARD = "gnu++20";
				CLANG_ENABLE_MODULES = YES;
				CLANG_ENABLE_OBJC_ARC = YES;
				CLANG_ENABLE_OBJC_WEAK = YES;
				CLANG_WARN_BLOCK_CAPTURE_AUTORELEASING = YES;
				CLANG_WARN_BOOL_CONVERSION = YES;
				CLANG_WARN_COMMA = YES;
				CLANG_WARN_CONSTANT_CONVERSION = YES;
				CLANG_WARN_DEPRECATED_OBJC_IMPLEMENTATIONS = YES;
				CLANG_WARN_DIRECT_OBJC_ISA_USAGE = YES_ERROR;
				CLANG_WARN_DOCUMENTATION_COMMENTS = YES;
				CLANG_WARN_EMPTY_BODY = YES;
				CLANG_WARN_ENUM_CONVERSION = YES;
				CLANG_WARN_INFINITE_RECURSION = YES;
				CLANG_WARN_INT_CONVERSION = YES;
				CLANG_WARN_NON_LITERAL_NULL_CONVERSION = YES;
				CLANG_WARN_OBJC_IMPLICIT_RETAIN_SELF = YES;
				CLANG_WARN_OBJC_LITERAL_CONVERSION = YES;
				CLANG_WARN_OBJC_ROOT_CLASS = YES_ERROR;
				CLANG_WARN_QUOTED_INCLUDE_IN_FRAMEWORK_HEADER = YES;
				CLANG_WARN_RANGE_LOOP_ANALYSIS = YES;
				CLANG_WARN_STRICT_PROTOTYPES = YES;
				CLANG_WARN_SUSPICIOUS_MOVE = YES;
				CLANG_WARN_UNGUARDED_AVAILABILITY = YES_AGGRESSIVE;
				CLANG_WARN_UNREACHABLE_CODE = YES;
				CLANG_WARN__DUPLICATE_METHOD_MATCH = YES;
				COPY_PHASE_STRIP = NO;
				DEBUG_INFORMATION_FORMAT = "dwarf-with-dsym";
				ENABLE_NS_ASSERTIONS = NO;
				ENABLE_STRICT_OBJC_MSGSEND = YES;
				ENABLE_USER_SCRIPT_SANDBOXING = YES;
				GCC_C_LANGUAGE_STANDARD = gnu17;
				GCC_NO_COMMON_BLOCKS = YES;
				GCC_WARN_64_TO_32_BIT_CONVERSION = YES;
				GCC_WARN_ABOUT_RETURN_TYPE = YES_ERROR;
				GCC_WARN_UNDECLARED_SELECTOR = YES;
				GCC_WARN_UNINITIALIZED_AUTOS = YES_AGGRESSIVE;
				GCC_WARN_UNUSED_FUNCTION = YES;
				GCC_WARN_UNUSED_VARIABLE = YES;
				IPHONEOS_DEPLOYMENT_TARGET = 26.0;
				LOCALIZATION_PREFERS_STRING_CATALOGS = YES;
				MTL_ENABLE_DEBUG_INFO = NO;
				MTL_FAST_MATH = YES;
				SDKROOT = iphoneos;
				SWIFT_COMPILATION_MODE = wholemodule;
				VALIDATE_PRODUCT = YES;
			};
			name = Release;
		};
/* End XCBuildConfiguration section */

/* Begin XCConfigurationList section */
		F66DCF742E9A231300D82D30 /* Build configuration list for PBXProject "AhnChiWook_practice" */ = {
			isa = XCConfigurationList;
			buildConfigurations = (
				F66DCF8F2E9A231500D82D30 /* Debug */,
				F66DCF902E9A231500D82D30 /* Release */,
			);
			defaultConfigurationIsVisible = 0;
			defaultConfigurationName = Release;
		};
		F66DCF8C2E9A231500D82D30 /* Build configuration list for PBXNativeTarget "AhnChiWook_practice" */ = {
			isa = XCConfigurationList;
			buildConfigurations = (
				F66DCF8D2E9A231500D82D30 /* Debug */,
				F66DCF8E2E9A231500D82D30 /* Release */,
			);
			defaultConfigurationIsVisible = 0;
			defaultConfigurationName = Release;
		};
/* End XCConfigurationList section */

/* Begin XCRemoteSwiftPackageReference section */
		F66D238D2EA3637C00DB549E /* XCRemoteSwiftPackageReference "Then" */ = {
			isa = XCRemoteSwiftPackageReference;
			repositoryURL = "https://github.com/devxoul/Then.git";
			requirement = {
				kind = upToNextMajorVersion;
				minimumVersion = 3.0.0;
			};
		};
		F66D23962EA379DB00DB549E /* XCRemoteSwiftPackageReference "SnapKit" */ = {
			isa = XCRemoteSwiftPackageReference;
			repositoryURL = "https://github.com/SnapKit/SnapKit.git";
			requirement = {
				kind = upToNextMajorVersion;
				minimumVersion = 5.7.1;
			};
		};
/* End XCRemoteSwiftPackageReference section */

/* Begin XCSwiftPackageProductDependency section */
		F66D238E2EA3637C00DB549E /* Then */ = {
			isa = XCSwiftPackageProductDependency;
			package = F66D238D2EA3637C00DB549E /* XCRemoteSwiftPackageReference "Then" */;
			productName = Then;
		};
		F66D23972EA379DB00DB549E /* SnapKit */ = {
			isa = XCSwiftPackageProductDependency;
			package = F66D23962EA379DB00DB549E /* XCRemoteSwiftPackageReference "SnapKit" */;
			productName = SnapKit;
		};
/* End XCSwiftPackageProductDependency section */
	};
	rootObject = F66DCF712E9A231300D82D30 /* Project object */;
}
